
Microsoft Visual Studio Solution File, Format Version 12.00
# Visual Studio Version 17
VisualStudioVersion = 17.6.33723.286
MinimumVisualStudioVersion = 10.0.40219.1
Project("{FAE04EC0-301F-11D3-BF4B-00C04F79EFBC}") = "UserCourseEnrollApp", "UserCourseEnrollApp\UserCourseEnrollApp.csproj", "{6DB01BB2-2497-4418-B6F5-1AF3A12D1ADD}"
EndProject
Global
	GlobalSection(SolutionConfigurationPlatforms) = preSolution
		Debug|Any CPU = Debug|Any CPU
		Release|Any CPU = Release|Any CPU
	EndGlobalSection
	GlobalSection(ProjectConfigurationPlatforms) = postSolution
		{6DB01BB2-2497-4418-B6F5-1AF3A12D1ADD}.Debug|Any CPU.ActiveCfg = Debug|Any CPU
		{6DB01BB2-2497-4418-B6F5-1AF3A12D1ADD}.Debug|Any CPU.Build.0 = Debug|Any CPU
		{6DB01BB2-2497-4418-B6F5-1AF3A12D1ADD}.Release|Any CPU.ActiveCfg = Release|Any CPU
		{6DB01BB2-2497-4418-B6F5-1AF3A12D1ADD}.Release|Any CPU.Build.0 = Release|Any CPU
	EndGlobalSection
	GlobalSection(SolutionProperties) = preSolution
		HideSolutionNode = FALSE
	EndGlobalSection
	GlobalSection(ExtensibilityGlobals) = postSolution
		SolutionGuid = {765BAEEC-D1D0-4830-99AD-6AFC7ACA36B0}
	EndGlobalSection
EndGlobal
